// !$*UTF8*$!
{
	archiveVersion = 1;
	classes = {
	};
	objectVersion = 46;
	objects = {

/* Begin PBXBuildFile section */
		F7DEADDB1A4829A000D9BC95 /* AppDelegate.swift in Sources */ = {isa = PBXBuildFile; fileRef = F7DEADDA1A4829A000D9BC95 /* AppDelegate.swift */; };
		F7DEADDD1A4829A000D9BC95 /* ViewController.swift in Sources */ = {isa = PBXBuildFile; fileRef = F7DEADDC1A4829A000D9BC95 /* ViewController.swift */; };
		F7DEADE01A4829A000D9BC95 /* Main.storyboard in Resources */ = {isa = PBXBuildFile; fileRef = F7DEADDE1A4829A000D9BC95 /* Main.storyboard */; };
		F7DEADE21A4829A000D9BC95 /* Images.xcassets in Resources */ = {isa = PBXBuildFile; fileRef = F7DEADE11A4829A000D9BC95 /* Images.xcassets */; };
		F7DEADE51A4829A000D9BC95 /* LaunchScreen.xib in Resources */ = {isa = PBXBuildFile; fileRef = F7DEADE31A4829A000D9BC95 /* LaunchScreen.xib */; };
		F7DEADF11A4829A000D9BC95 /* PostcardTests.swift in Sources */ = {isa = PBXBuildFile; fileRef = F7DEADF01A4829A000D9BC95 /* PostcardTests.swift */; };
/* End PBXBuildFile section */

/* Begin PBXContainerItemProxy section */
		F7DEADEB1A4829A000D9BC95 /* PBXContainerItemProxy */ = {
			isa = PBXContainerItemProxy;
			containerPortal = F7DEADCD1A4829A000D9BC95 /* Project object */;
			proxyType = 1;
			remoteGlobalIDString = F7DEADD41A4829A000D9BC95;
			remoteInfo = Postcard;
		};
/* End PBXContainerItemProxy section */

/* Begin PBXFileReference section */
		F7DEADD51A4829A000D9BC95 /* Postcard.app */ = {isa = PBXFileReference; explicitFileType = wrapper.application; includeInIndex = 0; path = Postcard.app; sourceTree = BUILT_PRODUCTS_DIR; };
		F7DEADD91A4829A000D9BC95 /* Info.plist */ = {isa = PBXFileReference; lastKnownFileType = text.plist.xml; path = Info.plist; sourceTree = "<group>"; };
		F7DEADDA1A4829A000D9BC95 /* AppDelegate.swift */ = {isa = PBXFileReference; lastKnownFileType = sourcecode.swift; path = AppDelegate.swift; sourceTree = "<group>"; };
		F7DEADDC1A4829A000D9BC95 /* ViewController.swift */ = {isa = PBXFileReference; lastKnownFileType = sourcecode.swift; path = ViewController.swift; sourceTree = "<group>"; };
		F7DEADDF1A4829A000D9BC95 /* Base */ = {isa = PBXFileReference; lastKnownFileType = file.storyboard; name = Base; path = Base.lproj/Main.storyboard; sourceTree = "<group>"; };
		F7DEADE11A4829A000D9BC95 /* Images.xcassets */ = {isa = PBXFileReference; lastKnownFileType = folder.assetcatalog; path = Images.xcassets; sourceTree = "<group>"; };
		F7DEADE41A4829A000D9BC95 /* Base */ = {isa = PBXFileReference; lastKnownFileType = file.xib; name = Base; path = Base.lproj/LaunchScreen.xib; sourceTree = "<group>"; };
		F7DEADEA1A4829A000D9BC95 /* PostcardTests.xctest */ = {isa = PBXFileReference; explicitFileType = wrapper.cfbundle; includeInIndex = 0; path = PostcardTests.xctest; sourceTree = BUILT_PRODUCTS_DIR; };
		F7DEADEF1A4829A000D9BC95 /* Info.plist */ = {isa = PBXFileReference; lastKnownFileType = text.plist.xml; path = Info.plist; sourceTree = "<group>"; };
		F7DEADF01A4829A000D9BC95 /* PostcardTests.swift */ = {isa = PBXFileReference; lastKnownFileType = sourcecode.swift; path = PostcardTests.swift; sourceTree = "<group>"; };
/* End PBXFileReference section */

/* Begin PBXFrameworksBuildPhase section */
		F7DEADD21A4829A000D9BC95 /* Frameworks */ = {
			isa = PBXFrameworksBuildPhase;
			buildActionMask = 2147483647;
			files = (
			);
			runOnlyForDeploymentPostprocessing = 0;
		};
		F7DEADE71A4829A000D9BC95 /* Frameworks */ = {
			isa = PBXFrameworksBuildPhase;
			buildActionMask = 2147483647;
			files = (
			);
			runOnlyForDeploymentPostprocessing = 0;
		};
/* End PBXFrameworksBuildPhase section */

/* Begin PBXGroup section */
		F7DEADCC1A4829A000D9BC95 = {
			isa = PBXGroup;
			children = (
				F7DEADD71A4829A000D9BC95 /* Postcard */,
				F7DEADED1A4829A000D9BC95 /* PostcardTests */,
				F7DEADD61A4829A000D9BC95 /* Products */,
			);
			sourceTree = "<group>";
		};
		F7DEADD61A4829A000D9BC95 /* Products */ = {
			isa = PBXGroup;
			children = (
				F7DEADD51A4829A000D9BC95 /* Postcard.app */,
				F7DEADEA1A4829A000D9BC95 /* PostcardTests.xctest */,
			);
			name = Products;
			sourceTree = "<group>";
		};
		F7DEADD71A4829A000D9BC95 /* Postcard */ = {
			isa = PBXGroup;
			children = (
				F7DEADDA1A4829A000D9BC95 /* AppDelegate.swift */,
				F7DEADDC1A4829A000D9BC95 /* ViewController.swift */,
				F7DEADDE1A4829A000D9BC95 /* Main.storyboard */,
				F7DEADE11A4829A000D9BC95 /* Images.xcassets */,
				F7DEADE31A4829A000D9BC95 /* LaunchScreen.xib */,
				F7DEADD81A4829A000D9BC95 /* Supporting Files */,
			);
			path = Postcard;
			sourceTree = "<group>";
		};
		F7DEADD81A4829A000D9BC95 /* Supporting Files */ = {
			isa = PBXGroup;
			children = (
				F7DEADD91A4829A000D9BC95 /* Info.plist */,
			);
			name = "Supporting Files";
			sourceTree = "<group>";
		};
		F7DEADED1A4829A000D9BC95 /* PostcardTests */ = {
			isa = PBXGroup;
			children = (
				F7DEADF01A4829A000D9BC95 /* PostcardTests.swift */,
				F7DEADEE1A4829A000D9BC95 /* Supporting Files */,
			);
			path = PostcardTests;
			sourceTree = "<group>";
		};
		F7DEADEE1A4829A000D9BC95 /* Supporting Files */ = {
			isa = PBXGroup;
			children = (
				F7DEADEF1A4829A000D9BC95 /* Info.plist */,
			);
			name = "Supporting Files";
			sourceTree = "<group>";
		};
/* End PBXGroup section */

/* Begin PBXNativeTarget section */
		F7DEADD41A4829A000D9BC95 /* Postcard */ = {
			isa = PBXNativeTarget;
			buildConfigurationList = F7DEADF41A4829A000D9BC95 /* Build configuration list for PBXNativeTarget "Postcard" */;
			buildPhases = (
				F7DEADD11A4829A000D9BC95 /* Sources */,
				F7DEADD21A4829A000D9BC95 /* Frameworks */,
				F7DEADD31A4829A000D9BC95 /* Resources */,
			);
			buildRules = (
			);
			dependencies = (
			);
			name = Postcard;
			productName = Postcard;
			productReference = F7DEADD51A4829A000D9BC95 /* Postcard.app */;
			productType = "com.apple.product-type.application";
		};
		F7DEADE91A4829A000D9BC95 /* PostcardTests */ = {
			isa = PBXNativeTarget;
			buildConfigurationList = F7DEADF71A4829A000D9BC95 /* Build configuration list for PBXNativeTarget "PostcardTests" */;
			buildPhases = (
				F7DEADE61A4829A000D9BC95 /* Sources */,
				F7DEADE71A4829A000D9BC95 /* Frameworks */,
				F7DEADE81A4829A000D9BC95 /* Resources */,
			);
			buildRules = (
			);
			dependencies = (
				F7DEADEC1A4829A000D9BC95 /* PBXTargetDependency */,
			);
			name = PostcardTests;
			productName = PostcardTests;
			productReference = F7DEADEA1A4829A000D9BC95 /* PostcardTests.xctest */;
			productType = "com.apple.product-type.bundle.unit-test";
		};
/* End PBXNativeTarget section */

/* Begin PBXProject section */
		F7DEADCD1A4829A000D9BC95 /* Project object */ = {
			isa = PBXProject;
			attributes = {
				LastUpgradeCheck = 0610;
				ORGANIZATIONNAME = OEV;
				TargetAttributes = {
					F7DEADD41A4829A000D9BC95 = {
						CreatedOnToolsVersion = 6.1.1;
					};
					F7DEADE91A4829A000D9BC95 = {
						CreatedOnToolsVersion = 6.1.1;
						TestTargetID = F7DEADD41A4829A000D9BC95;
					};
				};
			};
			buildConfigurationList = F7DEADD01A4829A000D9BC95 /* Build configuration list for PBXProject "Postcard" */;
			compatibilityVersion = "Xcode 3.2";
			developmentRegion = English;
			hasScannedForEncodings = 0;
			knownRegions = (
				en,
				Base,
			);
			mainGroup = F7DEADCC1A4829A000D9BC95;
			productRefGroup = F7DEADD61A4829A000D9BC95 /* Products */;
			projectDirPath = "";
			projectRoot = "";
			targets = (
				F7DEADD41A4829A000D9BC95 /* Postcard */,
				F7DEADE91A4829A000D9BC95 /* PostcardTests */,
			);
		};
/* End PBXProject section */

/* Begin PBXResourcesBuildPhase section */
		F7DEADD31A4829A000D9BC95 /* Resources */ = {
			isa = PBXResourcesBuildPhase;
			buildActionMask = 2147483647;
			files = (
				F7DEADE01A4829A000D9BC95 /* Main.storyboard in Resources */,
				F7DEADE51A4829A000D9BC95 /* LaunchScreen.xib in Resources */,
				F7DEADE21A4829A000D9BC95 /* Images.xcassets in Resources */,
			);
			runOnlyForDeploymentPostprocessing = 0;
		};
		F7DEADE81A4829A000D9BC95 /* Resources */ = {
			isa = PBXResourcesBuildPhase;
			buildActionMask = 2147483647;
			files = (
			);
			runOnlyForDeploymentPostprocessing = 0;
		};
/* End PBXResourcesBuildPhase section */

/* Begin PBXSourcesBuildPhase section */
		F7DEADD11A4829A000D9BC95 /* Sources */ = {
			isa = PBXSourcesBuildPhase;
			buildActionMask = 2147483647;
			files = (
				F7DEADDD1A4829A000D9BC95 /* ViewController.swift in Sources */,
				F7DEADDB1A4829A000D9BC95 /* AppDelegate.swift in Sources */,
			);
			runOnlyForDeploymentPostprocessing = 0;
		};
		F7DEADE61A4829A000D9BC95 /* Sources */ = {
			isa = PBXSourcesBuildPhase;
			buildActionMask = 2147483647;
			files = (
				F7DEADF11A4829A000D9BC95 /* PostcardTests.swift in Sources */,
			);
			runOnlyForDeploymentPostprocessing = 0;
		};
/* End PBXSourcesBuildPhase section */

/* Begin PBXTargetDependency section */
		F7DEADEC1A4829A000D9BC95 /* PBXTargetDependency */ = {
			isa = PBXTargetDependency;
			target = F7DEADD41A4829A000D9BC95 /* Postcard */;
			targetProxy = F7DEADEB1A4829A000D9BC95 /* PBXContainerItemProxy */;
		};
/* End PBXTargetDependency section */

/* Begin PBXVariantGroup section */
		F7DEADDE1A4829A000D9BC95 /* Main.storyboard */ = {
			isa = PBXVariantGroup;
			children = (
				F7DEADDF1A4829A000D9BC95 /* Base */,
			);
			name = Main.storyboard;
			sourceTree = "<group>";
		};
		F7DEADE31A4829A000D9BC95 /* LaunchScreen.xib */ = {
			isa = PBXVariantGroup;
			children = (
				F7DEADE41A4829A000D9BC95 /* Base */,
			);
			name = LaunchScreen.xib;
			sourceTree = "<group>";
		};
/* End PBXVariantGroup section */

/* Begin XCBuildConfiguration section */
		F7DEADF21A4829A000D9BC95 /* Debug */ = {
			isa = XCBuildConfiguration;
			buildSettings = {
				ALWAYS_SEARCH_USER_PATHS = NO;
				CLANG_CXX_LANGUAGE_STANDARD = "gnu++0x";
				CLANG_CXX_LIBRARY = "libc++";
				CLANG_ENABLE_MODULES = YES;
				CLANG_ENABLE_OBJC_ARC = YES;
				CLANG_WARN_BOOL_CONVERSION = YES;
				CLANG_WARN_CONSTANT_CONVERSION = YES;
				CLANG_WARN_DIRECT_OBJC_ISA_USAGE = YES_ERROR;
				CLANG_WARN_EMPTY_BODY = YES;
				CLANG_WARN_ENUM_CONVERSION = YES;
				CLANG_WARN_INT_CONVERSION = YES;
				CLANG_WARN_OBJC_ROOT_CLASS = YES_ERROR;
				CLANG_WARN_UNREACHABLE_CODE = YES;
				CLANG_WARN__DUPLICATE_METHOD_MATCH = YES;
				"CODE_SIGN_IDENTITY[sdk=iphoneos*]" = "iPhone Developer";
				COPY_PHASE_STRIP = NO;
				ENABLE_STRICT_OBJC_MSGSEND = YES;
				GCC_C_LANGUAGE_STANDARD = gnu99;
				GCC_DYNAMIC_NO_PIC = NO;
				GCC_OPTIMIZATION_LEVEL = 0;
				GCC_PREPROCESSOR_DEFINITIONS = (
					"DEBUG=1",
					"$(inherited)",
				);
				GCC_SYMBOLS_PRIVATE_EXTERN = NO;
				GCC_WARN_64_TO_32_BIT_CONVERSION = YES;
				GCC_WARN_ABOUT_RETURN_TYPE = YES_ERROR;
				GCC_WARN_UNDECLARED_SELECTOR = YES;
				GCC_WARN_UNINITIALIZED_AUTOS = YES_AGGRESSIVE;
				GCC_WARN_UNUSED_FUNCTION = YES;
				GCC_WARN_UNUSED_VARIABLE = YES;
				IPHONEOS_DEPLOYMENT_TARGET = 8.1;
				MTL_ENABLE_DEBUG_INFO = YES;
				ONLY_ACTIVE_ARCH = YES;
				SDKROOT = iphoneos;
				SWIFT_OPTIMIZATION_LEVEL = "-Onone";
				TARGETED_DEVICE_FAMILY = "1,2";
			};
			name = Debug;
		};
		F7DEADF31A4829A000D9BC95 /* Release */ = {
			isa = XCBuildConfiguration;
			buildSettings = {
				ALWAYS_SEARCH_USER_PATHS = NO;
				CLANG_CXX_LANGUAGE_STANDARD = "gnu++0x";
				CLANG_CXX_LIBRARY = "libc++";
				CLANG_ENABLE_MODULES = YES;
				CLANG_ENABLE_OBJC_ARC = YES;
				CLANG_WARN_BOOL_CONVERSION = YES;
				CLANG_WARN_CONSTANT_CONVERSION = YES;
				CLANG_WARN_DIRECT_OBJC_ISA_USAGE = YES_ERROR;
				CLANG_WARN_EMPTY_BODY = YES;
				CLANG_WARN_ENUM_CONVERSION = YES;
				CLANG_WARN_INT_CONVERSION = YES;
				CLANG_WARN_OBJC_ROOT_CLASS = YES_ERROR;
				CLANG_WARN_UNREACHABLE_CODE = YES;
				CLANG_WARN__DUPLICATE_METHOD_MATCH = YES;
				"CODE_SIGN_IDENTITY[sdk=iphoneos*]" = "iPhone Developer";
				COPY_PHASE_STRIP = YES;
				ENABLE_NS_ASSERTIONS = NO;
				ENABLE_STRICT_OBJC_MSGSEND = YES;
				GCC_C_LANGUAGE_STANDARD = gnu99;
				GCC_WARN_64_TO_32_BIT_CONVERSION = YES;
				GCC_WARN_ABOUT_RETURN_TYPE = YES_ERROR;
				GCC_WARN_UNDECLARED_SELECTOR = YES;
				GCC_WARN_UNINITIALIZED_AUTOS = YES_AGGRESSIVE;
				GCC_WARN_UNUSED_FUNCTION = YES;
				GCC_WARN_UNUSED_VARIABLE = YES;
				IPHONEOS_DEPLOYMENT_TARGET = 8.1;
				MTL_ENABLE_DEBUG_INFO = NO;
				SDKROOT = iphoneos;
				TARGETED_DEVICE_FAMILY = "1,2";
				VALIDATE_PRODUCT = YES;
			};
			name = Release;
		};
		F7DEADF51A4829A000D9BC95 /* Debug */ = {
			isa = XCBuildConfiguration;
			buildSettings = {
				ASSETCATALOG_COMPILER_APPICON_NAME = AppIcon;
				INFOPLIST_FILE = Postcard/Info.plist;
				LD_RUNPATH_SEARCH_PATHS = "$(inherited) @executable_path/Frameworks";
				PRODUCT_NAME = "$(TARGET_NAME)";
			};
			name = Debug;
		};
		F7DEADF61A4829A000D9BC95 /* Release */ = {
			isa = XCBuildConfiguration;
			buildSettings = {
				ASSETCATALOG_COMPILER_APPICON_NAME = AppIcon;
				INFOPLIST_FILE = Postcard/Info.plist;
				LD_RUNPATH_SEARCH_PATHS = "$(inherited) @executable_path/Frameworks";
				PRODUCT_NAME = "$(TARGET_NAME)";
			};
			name = Release;
		};
		F7DEADF81A4829A000D9BC95 /* Debug */ = {
			isa = XCBuildConfiguration;
			buildSettings = {
				BUNDLE_LOADER = "$(TEST_HOST)";
				FRAMEWORK_SEARCH_PATHS = (
					"$(SDKROOT)/Developer/Library/Frameworks",
					"$(inherited)",
				);
				GCC_PREPROCESSOR_DEFINITIONS = (
					"DEBUG=1",
					"$(inherited)",
				);
				INFOPLIST_FILE = PostcardTests/Info.plist;
				LD_RUNPATH_SEARCH_PATHS = "$(inherited) @executable_path/Frameworks @loader_path/Frameworks";
				PRODUCT_NAME = "$(TARGET_NAME)";
				TEST_HOST = "$(BUILT_PRODUCTS_DIR)/Postcard.app/Postcard";
			};
			name = Debug;
		};
		F7DEADF91A4829A000D9BC95 /* Release */ = {
			isa = XCBuildConfiguration;
			buildSettings = {
				BUNDLE_LOADER = "$(TEST_HOST)";
				FRAMEWORK_SEARCH_PATHS = (
					"$(SDKROOT)/Developer/Library/Frameworks",
					"$(inherited)",
				);
				INFOPLIST_FILE = PostcardTests/Info.plist;
				LD_RUNPATH_SEARCH_PATHS = "$(inherited) @executable_path/Frameworks @loader_path/Frameworks";
				PRODUCT_NAME = "$(TARGET_NAME)";
				TEST_HOST = "$(BUILT_PRODUCTS_DIR)/Postcard.app/Postcard";
			};
			name = Release;
		};
/* End XCBuildConfiguration section */

/* Begin XCConfigurationList section */
		F7DEADD01A4829A000D9BC95 /* Build configuration list for PBXProject "Postcard" */ = {
			isa = XCConfigurationList;
			buildConfigurations = (
				F7DEADF21A4829A000D9BC95 /* Debug */,
				F7DEADF31A4829A000D9BC95 /* Release */,
			);
			defaultConfigurationIsVisible = 0;
			defaultConfigurationName = Release;
		};
		F7DEADF41A4829A000D9BC95 /* Build configuration list for PBXNativeTarget "Postcard" */ = {
			isa = XCConfigurationList;
			buildConfigurations = (
				F7DEADF51A4829A000D9BC95 /* Debug */,
				F7DEADF61A4829A000D9BC95 /* Release */,
			);
			defaultConfigurationIsVisible = 0;
		};
		F7DEADF71A4829A000D9BC95 /* Build configuration list for PBXNativeTarget "PostcardTests" */ = {
			isa = XCConfigurationList;
			buildConfigurations = (
				F7DEADF81A4829A000D9BC95 /* Debug */,
				F7DEADF91A4829A000D9BC95 /* Release */,
			);
			defaultConfigurationIsVisible = 0;
		};
/* End XCConfigurationList section */
	};
	rootObject = F7DEADCD1A4829A000D9BC95 /* Project object */;
}
